
Microsoft Visual Studio Solution File, Format Version 12.00
# Visual Studio Version 17
VisualStudioVersion = 17.0.31903.59
MinimumVisualStudioVersion = 10.0.40219.1
Project("{FAE04EC0-301F-11D3-BF4B-00C04F79EFBC}") = "Domain", "Domain\Domain.csproj", "{A04CD556-4129-437F-BE6F-7D0C4C992C08}"
EndProject
Project("{FAE04EC0-301F-11D3-BF4B-00C04F79EFBC}") = "Infastructure", "Infastructure\Infastructure.csproj", "{3C241E5F-5ABB-4231-935C-A84466684223}"
EndProject
Project("{FAE04EC0-301F-11D3-BF4B-00C04F79EFBC}") = "Simple_Blog_MVC_Application", "Simple_Blog_MVC_Application\Simple_Blog_MVC_Application.csproj", "{80694B92-07FF-4687-B927-CB9B92FB5E36}"
EndProject
Global
	GlobalSection(SolutionConfigurationPlatforms) = preSolution
		Debug|Any CPU = Debug|Any CPU
		Debug|x64 = Debug|x64
		Debug|x86 = Debug|x86
		Release|Any CPU = Release|Any CPU
		Release|x64 = Release|x64
		Release|x86 = Release|x86
	EndGlobalSection
	GlobalSection(ProjectConfigurationPlatforms) = postSolution
		{A04CD556-4129-437F-BE6F-7D0C4C992C08}.Debug|Any CPU.ActiveCfg = Debug|Any CPU
		{A04CD556-4129-437F-BE6F-7D0C4C992C08}.Debug|Any CPU.Build.0 = Debug|Any CPU
		{A04CD556-4129-437F-BE6F-7D0C4C992C08}.Debug|x64.ActiveCfg = Debug|Any CPU
		{A04CD556-4129-437F-BE6F-7D0C4C992C08}.Debug|x64.Build.0 = Debug|Any CPU
		{A04CD556-4129-437F-BE6F-7D0C4C992C08}.Debug|x86.ActiveCfg = Debug|Any CPU
		{A04CD556-4129-437F-BE6F-7D0C4C992C08}.Debug|x86.Build.0 = Debug|Any CPU
		{A04CD556-4129-437F-BE6F-7D0C4C992C08}.Release|Any CPU.ActiveCfg = Release|Any CPU
		{A04CD556-4129-437F-BE6F-7D0C4C992C08}.Release|Any CPU.Build.0 = Release|Any CPU
		{A04CD556-4129-437F-BE6F-7D0C4C992C08}.Release|x64.ActiveCfg = Release|Any CPU
		{A04CD556-4129-437F-BE6F-7D0C4C992C08}.Release|x64.Build.0 = Release|Any CPU
		{A04CD556-4129-437F-BE6F-7D0C4C992C08}.Release|x86.ActiveCfg = Release|Any CPU
		{A04CD556-4129-437F-BE6F-7D0C4C992C08}.Release|x86.Build.0 = Release|Any CPU
		{3C241E5F-5ABB-4231-935C-A84466684223}.Debug|Any CPU.ActiveCfg = Debug|Any CPU
		{3C241E5F-5ABB-4231-935C-A84466684223}.Debug|Any CPU.Build.0 = Debug|Any CPU
		{3C241E5F-5ABB-4231-935C-A84466684223}.Debug|x64.ActiveCfg = Debug|Any CPU
		{3C241E5F-5ABB-4231-935C-A84466684223}.Debug|x64.Build.0 = Debug|Any CPU
		{3C241E5F-5ABB-4231-935C-A84466684223}.Debug|x86.ActiveCfg = Debug|Any CPU
		{3C241E5F-5ABB-4231-935C-A84466684223}.Debug|x86.Build.0 = Debug|Any CPU
		{3C241E5F-5ABB-4231-935C-A84466684223}.Release|Any CPU.ActiveCfg = Release|Any CPU
		{3C241E5F-5ABB-4231-935C-A84466684223}.Release|Any CPU.Build.0 = Release|Any CPU
		{3C241E5F-5ABB-4231-935C-A84466684223}.Release|x64.ActiveCfg = Release|Any CPU
		{3C241E5F-5ABB-4231-935C-A84466684223}.Release|x64.Build.0 = Release|Any CPU
		{3C241E5F-5ABB-4231-935C-A84466684223}.Release|x86.ActiveCfg = Release|Any CPU
		{3C241E5F-5ABB-4231-935C-A84466684223}.Release|x86.Build.0 = Release|Any CPU
		{80694B92-07FF-4687-B927-CB9B92FB5E36}.Debug|Any CPU.ActiveCfg = Debug|Any CPU
		{80694B92-07FF-4687-B927-CB9B92FB5E36}.Debug|Any CPU.Build.0 = Debug|Any CPU
		{80694B92-07FF-4687-B927-CB9B92FB5E36}.Debug|x64.ActiveCfg = Debug|Any CPU
		{80694B92-07FF-4687-B927-CB9B92FB5E36}.Debug|x64.Build.0 = Debug|Any CPU
		{80694B92-07FF-4687-B927-CB9B92FB5E36}.Debug|x86.ActiveCfg = Debug|Any CPU
		{80694B92-07FF-4687-B927-CB9B92FB5E36}.Debug|x86.Build.0 = Debug|Any CPU
		{80694B92-07FF-4687-B927-CB9B92FB5E36}.Release|Any CPU.ActiveCfg = Release|Any CPU
		{80694B92-07FF-4687-B927-CB9B92FB5E36}.Release|Any CPU.Build.0 = Release|Any CPU
		{80694B92-07FF-4687-B927-CB9B92FB5E36}.Release|x64.ActiveCfg = Release|Any CPU
		{80694B92-07FF-4687-B927-CB9B92FB5E36}.Release|x64.Build.0 = Release|Any CPU
		{80694B92-07FF-4687-B927-CB9B92FB5E36}.Release|x86.ActiveCfg = Release|Any CPU
		{80694B92-07FF-4687-B927-CB9B92FB5E36}.Release|x86.Build.0 = Release|Any CPU
	EndGlobalSection
	GlobalSection(SolutionProperties) = preSolution
		HideSolutionNode = FALSE
	EndGlobalSection
EndGlobal
